<?xml version="1.0" encoding="utf-8"?>
<Project ToolsVersion="4.0" xmlns="http://schemas.microsoft.com/developer/msbuild/2003">
  <ItemGroup>
    <Filter Include="Source Files">
      <UniqueIdentifier>{4FC737F1-C7A5-4376-A066-2A32D752A2FF}</UniqueIdentifier>
      <Extensions>cpp;c;cc;cxx;def;odl;idl;hpj;bat;asm;asmx</Extensions>
    </Filter>
    <Filter Include="Header Files">
      <UniqueIdentifier>{93995380-89BD-4b04-88EB-625FBE52EBFB}</UniqueIdentifier>
      <Extensions>h;hh;hpp;hxx;hm;inl;inc;xsd</Extensions>
    </Filter>
    <Filter Include="Resource Files">
      <UniqueIdentifier>{67DA6AB6-F800-4c08-8B7A-83BB121AAD01}</UniqueIdentifier>
      <Extensions>rc;ico;cur;bmp;dlg;rc2;rct;bin;rgs;gif;jpg;jpeg;jpe;resx;tiff;tif;png;wav;mfcribbon-ms</Extensions>
    </Filter>
  </ItemGroup>
  <ItemGroup>
    <Text Include="readme.txt" />
  </ItemGroup>
  <ItemGroup>
    <ClCompile Include="..\bivar_reml.cpp">
      <Filter>Source Files</Filter>
    </ClCompile>
    <ClCompile Include="..\CommFunc.cpp">
      <Filter>Source Files</Filter>
    </ClCompile>
    <ClCompile Include="..\data.cpp">
      <Filter>Source Files</Filter>
    </ClCompile>
    <ClCompile Include="..\dcdflib.cpp">
      <Filter>Source Files</Filter>
    </ClCompile>
    <ClCompile Include="..\edata.cpp">
      <Filter>Source Files</Filter>
    </ClCompile>
    <ClCompile Include="..\eigen_func.cpp">
      <Filter>Source Files</Filter>
    </ClCompile>
    <ClCompile Include="..\ejma.cpp">
      <Filter>Source Files</Filter>
    </ClCompile>
    <ClCompile Include="..\est_hsq.cpp">
      <Filter>Source Files</Filter>
    </ClCompile>
    <ClCompile Include="..\gbat.cpp">
      <Filter>Source Files</Filter>
    </ClCompile>
    <ClCompile Include="..\grm.cpp">
      <Filter>Source Files</Filter>
    </ClCompile>
    <ClCompile Include="..\gwas_simu.cpp">
      <Filter>Source Files</Filter>
    </ClCompile>
    <ClCompile Include="..\joint_meta.cpp">
      <Filter>Source Files</Filter>
    </ClCompile>
    <ClCompile Include="..\ld.cpp">
      <Filter>Source Files</Filter>
    </ClCompile>
    <ClCompile Include="..\mkl.cpp">
      <Filter>Source Files</Filter>
    </ClCompile>
    <ClCompile Include="..\mlm_assoc.cpp">
      <Filter>Source Files</Filter>
    </ClCompile>
    <ClCompile Include="..\option.cpp">
      <Filter>Source Files</Filter>
    </ClCompile>
    <ClCompile Include="..\popu_genet.cpp">
      <Filter>Source Files</Filter>
    </ClCompile>
    <ClCompile Include="..\raw_geno.cpp">
      <Filter>Source Files</Filter>
    </ClCompile>
    <ClCompile Include="..\reml_within_family.cpp">
      <Filter>Source Files</Filter>
    </ClCompile>
    <ClCompile Include="..\sbat.cpp">
      <Filter>Source Files</Filter>
    </ClCompile>
    <ClCompile Include="..\StatFunc.cpp">
      <Filter>Source Files</Filter>
    </ClCompile>
    <ClCompile Include="..\StrFunc.cpp">
      <Filter>Source Files</Filter>
    </ClCompile>
    <ClCompile Include="..\zfstream.cpp">
      <Filter>Source Files</Filter>
    </ClCompile>
  </ItemGroup>
  <ItemGroup>
    <ClInclude Include="..\cdflib.h">
      <Filter>Header Files</Filter>
    </ClInclude>
    <ClInclude Include="..\CommFunc.h">
      <Filter>Header Files</Filter>
    </ClInclude>
    <ClInclude Include="..\dcdflib.h">
      <Filter>Header Files</Filter>
    </ClInclude>
    <ClInclude Include="..\eigen_func.h">
      <Filter>Header Files</Filter>
    </ClInclude>
    <ClInclude Include="..\gcta.h">
      <Filter>Header Files</Filter>
    </ClInclude>
    <ClInclude Include="..\ipmpar.h">
      <Filter>Header Files</Filter>
    </ClInclude>
    <ClInclude Include="..\StatFunc.h">
      <Filter>Header Files</Filter>
    </ClInclude>
    <ClInclude Include="..\StrFunc.h">
      <Filter>Header Files</Filter>
    </ClInclude>
    <ClInclude Include="..\zfstream.h">
      <Filter>Header Files</Filter>
    </ClInclude>
  </ItemGroup>
</Project>