
Microsoft Visual Studio Solution File, Format Version 12.00
# Visual Studio Version 16
VisualStudioVersion = 16.0.29519.181
MinimumVisualStudioVersion = 10.0.40219.1
Project("{8BC9CEB8-8B4A-11D0-8D11-00A0C91BC942}") = "gcta64", "gcta64.vcxproj", "{B3CA8143-6F30-4456-9F46-F09703BA102E}"
EndProject
Global
	GlobalSection(SolutionConfigurationPlatforms) = preSolution
		Debug|x64 = Debug|x64
		Release|x64 = Release|x64
	EndGlobalSection
	GlobalSection(ProjectConfigurationPlatforms) = postSolution
		{B3CA8143-6F30-4456-9F46-F09703BA102E}.Debug|x64.ActiveCfg = Debug|x64
		{B3CA8143-6F30-4456-9F46-F09703BA102E}.Debug|x64.Build.0 = Debug|x64
		{B3CA8143-6F30-4456-9F46-F09703BA102E}.Release|x64.ActiveCfg = Release|x64
		{B3CA8143-6F30-4456-9F46-F09703BA102E}.Release|x64.Build.0 = Release|x64
	EndGlobalSection
	GlobalSection(SolutionProperties) = preSolution
		HideSolutionNode = FALSE
	EndGlobalSection
	GlobalSection(ExtensibilityGlobals) = postSolution
		SolutionGuid = {18AAB33B-9613-46C3-8695-60CF766761A5}
	EndGlobalSection
EndGlobal
